
Microsoft Visual Studio Solution File, Format Version 12.00
# Visual Studio Version 17
VisualStudioVersion = 17.5.33502.453
MinimumVisualStudioVersion = 10.0.40219.1
Project("{FAE04EC0-301F-11D3-BF4B-00C04F79EFBC}") = "MapperExperiments", "MapperExperiments\MapperExperiments.csproj", "{BE741B44-C170-46CB-9B0E-6CFAC66E431B}"
EndProject
Global
	GlobalSection(SolutionConfigurationPlatforms) = preSolution
		Debug|Any CPU = Debug|Any CPU
		Release|Any CPU = Release|Any CPU
	EndGlobalSection
	GlobalSection(ProjectConfigurationPlatforms) = postSolution
		{BE741B44-C170-46CB-9B0E-6CFAC66E431B}.Debug|Any CPU.ActiveCfg = Debug|Any CPU
		{BE741B44-C170-46CB-9B0E-6CFAC66E431B}.Debug|Any CPU.Build.0 = Debug|Any CPU
		{BE741B44-C170-46CB-9B0E-6CFAC66E431B}.Release|Any CPU.ActiveCfg = Release|Any CPU
		{BE741B44-C170-46CB-9B0E-6CFAC66E431B}.Release|Any CPU.Build.0 = Release|Any CPU
	EndGlobalSection
	GlobalSection(SolutionProperties) = preSolution
		HideSolutionNode = FALSE
	EndGlobalSection
	GlobalSection(ExtensibilityGlobals) = postSolution
		SolutionGuid = {427D394D-F163-4F4A-A08C-D7B6415D3E42}
	EndGlobalSection
EndGlobal
